// !$*UTF8*$!
{
	archiveVersion = 1;
	classes = {
	};
	objectVersion = 56;
	objects = {

/* Begin PBXBuildFile section */
		AAB38CC12A64E248004E0A55 /* AppDelegate.swift in Sources */ = {isa = PBXBuildFile; fileRef = AAB38CC02A64E248004E0A55 /* AppDelegate.swift */; };
		AAB38CC32A64E248004E0A55 /* SceneDelegate.swift in Sources */ = {isa = PBXBuildFile; fileRef = AAB38CC22A64E248004E0A55 /* SceneDelegate.swift */; };
		AAB38CC52A64E248004E0A55 /* WorkbookListViewController.swift in Sources */ = {isa = PBXBuildFile; fileRef = AAB38CC42A64E248004E0A55 /* WorkbookListViewController.swift */; };
		AAB38CCA2A64E249004E0A55 /* Assets.xcassets in Resources */ = {isa = PBXBuildFile; fileRef = AAB38CC92A64E249004E0A55 /* Assets.xcassets */; };
		AAB38CCD2A64E249004E0A55 /* LaunchScreen.storyboard in Resources */ = {isa = PBXBuildFile; fileRef = AAB38CCB2A64E249004E0A55 /* LaunchScreen.storyboard */; };
		AAFEA4FE2A6566B600080313 /* WorkbookListCell.swift in Sources */ = {isa = PBXBuildFile; fileRef = AAFEA4FD2A6566B600080313 /* WorkbookListCell.swift */; };
		AAFEA5012A6566FE00080313 /* Problem.swift in Sources */ = {isa = PBXBuildFile; fileRef = AAFEA5002A6566FE00080313 /* Problem.swift */; };
		AAFEA5032A65670F00080313 /* Workbook.swift in Sources */ = {isa = PBXBuildFile; fileRef = AAFEA5022A65670F00080313 /* Workbook.swift */; };
		AAFEA5052A65675800080313 /* WorkbookViewModel.swift in Sources */ = {isa = PBXBuildFile; fileRef = AAFEA5042A65675800080313 /* WorkbookViewModel.swift */; };
		AAFEA5082A65679500080313 /* Array+subscript.swift in Sources */ = {isa = PBXBuildFile; fileRef = AAFEA5072A65679500080313 /* Array+subscript.swift */; };
		AAFEA50B2A65683400080313 /* ReuseIdentifying.swift in Sources */ = {isa = PBXBuildFile; fileRef = AAFEA50A2A65683400080313 /* ReuseIdentifying.swift */; };
		AAFEA50E2A6568AC00080313 /* WorkbookError.swift in Sources */ = {isa = PBXBuildFile; fileRef = AAFEA50D2A6568AC00080313 /* WorkbookError.swift */; };
/* End PBXBuildFile section */

/* Begin PBXFileReference section */
		AAB38CBD2A64E248004E0A55 /* Workbook.app */ = {isa = PBXFileReference; explicitFileType = wrapper.application; includeInIndex = 0; path = Workbook.app; sourceTree = BUILT_PRODUCTS_DIR; };
		AAB38CC02A64E248004E0A55 /* AppDelegate.swift */ = {isa = PBXFileReference; lastKnownFileType = sourcecode.swift; path = AppDelegate.swift; sourceTree = "<group>"; };
		AAB38CC22A64E248004E0A55 /* SceneDelegate.swift */ = {isa = PBXFileReference; lastKnownFileType = sourcecode.swift; path = SceneDelegate.swift; sourceTree = "<group>"; };
		AAB38CC42A64E248004E0A55 /* WorkbookListViewController.swift */ = {isa = PBXFileReference; lastKnownFileType = sourcecode.swift; path = WorkbookListViewController.swift; sourceTree = "<group>"; };
		AAB38CC92A64E249004E0A55 /* Assets.xcassets */ = {isa = PBXFileReference; lastKnownFileType = folder.assetcatalog; path = Assets.xcassets; sourceTree = "<group>"; };
		AAB38CCC2A64E249004E0A55 /* Base */ = {isa = PBXFileReference; lastKnownFileType = file.storyboard; name = Base; path = Base.lproj/LaunchScreen.storyboard; sourceTree = "<group>"; };
		AAB38CCE2A64E249004E0A55 /* Info.plist */ = {isa = PBXFileReference; lastKnownFileType = text.plist.xml; path = Info.plist; sourceTree = "<group>"; };
		AAFEA4FD2A6566B600080313 /* WorkbookListCell.swift */ = {isa = PBXFileReference; lastKnownFileType = sourcecode.swift; path = WorkbookListCell.swift; sourceTree = "<group>"; };
		AAFEA5002A6566FE00080313 /* Problem.swift */ = {isa = PBXFileReference; lastKnownFileType = sourcecode.swift; path = Problem.swift; sourceTree = "<group>"; };
		AAFEA5022A65670F00080313 /* Workbook.swift */ = {isa = PBXFileReference; lastKnownFileType = sourcecode.swift; path = Workbook.swift; sourceTree = "<group>"; };
		AAFEA5042A65675800080313 /* WorkbookViewModel.swift */ = {isa = PBXFileReference; lastKnownFileType = sourcecode.swift; path = WorkbookViewModel.swift; sourceTree = "<group>"; };
		AAFEA5072A65679500080313 /* Array+subscript.swift */ = {isa = PBXFileReference; lastKnownFileType = sourcecode.swift; path = "Array+subscript.swift"; sourceTree = "<group>"; };
		AAFEA50A2A65683400080313 /* ReuseIdentifying.swift */ = {isa = PBXFileReference; lastKnownFileType = sourcecode.swift; path = ReuseIdentifying.swift; sourceTree = "<group>"; };
		AAFEA50D2A6568AC00080313 /* WorkbookError.swift */ = {isa = PBXFileReference; lastKnownFileType = sourcecode.swift; path = WorkbookError.swift; sourceTree = "<group>"; };
/* End PBXFileReference section */

/* Begin PBXFrameworksBuildPhase section */
		AAB38CBA2A64E248004E0A55 /* Frameworks */ = {
			isa = PBXFrameworksBuildPhase;
			buildActionMask = 2147483647;
			files = (
			);
			runOnlyForDeploymentPostprocessing = 0;
		};
/* End PBXFrameworksBuildPhase section */

/* Begin PBXGroup section */
		AA21F0952A64E3BD00744DBD /* Sources */ = {
			isa = PBXGroup;
			children = (
				AAFEA50C2A65689B00080313 /* Error */,
				AAFEA5062A65677C00080313 /* Extension */,
				AAFEA5092A65682500080313 /* Utility */,
				AA21F0982A64E59100744DBD /* Workbook */,
				AAFEA4FF2A6566EC00080313 /* Problem */,
			);
			path = Sources;
			sourceTree = "<group>";
		};
		AA21F0962A64E3C900744DBD /* Resources */ = {
			isa = PBXGroup;
			children = (
				AAB38CC92A64E249004E0A55 /* Assets.xcassets */,
				AAB38CCB2A64E249004E0A55 /* LaunchScreen.storyboard */,
			);
			path = Resources;
			sourceTree = "<group>";
		};
		AA21F0972A64E3D100744DBD /* Application */ = {
			isa = PBXGroup;
			children = (
				AAB38CC02A64E248004E0A55 /* AppDelegate.swift */,
				AAB38CC22A64E248004E0A55 /* SceneDelegate.swift */,
			);
			path = Application;
			sourceTree = "<group>";
		};
		AA21F0982A64E59100744DBD /* Workbook */ = {
			isa = PBXGroup;
			children = (
				AAFEA5022A65670F00080313 /* Workbook.swift */,
				AAFEA4FD2A6566B600080313 /* WorkbookListCell.swift */,
				AAFEA5042A65675800080313 /* WorkbookViewModel.swift */,
				AAB38CC42A64E248004E0A55 /* WorkbookListViewController.swift */,
			);
			path = Workbook;
			sourceTree = "<group>";
		};
		AAB38CB42A64E247004E0A55 = {
			isa = PBXGroup;
			children = (
				AAB38CBF2A64E248004E0A55 /* Workbook */,
				AAB38CBE2A64E248004E0A55 /* Products */,
			);
			sourceTree = "<group>";
		};
		AAB38CBE2A64E248004E0A55 /* Products */ = {
			isa = PBXGroup;
			children = (
				AAB38CBD2A64E248004E0A55 /* Workbook.app */,
			);
			name = Products;
			sourceTree = "<group>";
		};
		AAB38CBF2A64E248004E0A55 /* Workbook */ = {
			isa = PBXGroup;
			children = (
				AA21F0972A64E3D100744DBD /* Application */,
				AA21F0962A64E3C900744DBD /* Resources */,
				AA21F0952A64E3BD00744DBD /* Sources */,
				AAB38CCE2A64E249004E0A55 /* Info.plist */,
			);
			path = Workbook;
			sourceTree = "<group>";
		};
		AAFEA4FF2A6566EC00080313 /* Problem */ = {
			isa = PBXGroup;
			children = (
				AAFEA5002A6566FE00080313 /* Problem.swift */,
			);
			path = Problem;
			sourceTree = "<group>";
		};
		AAFEA5062A65677C00080313 /* Extension */ = {
			isa = PBXGroup;
			children = (
				AAFEA5072A65679500080313 /* Array+subscript.swift */,
			);
			path = Extension;
			sourceTree = "<group>";
		};
		AAFEA5092A65682500080313 /* Utility */ = {
			isa = PBXGroup;
			children = (
				AAFEA50A2A65683400080313 /* ReuseIdentifying.swift */,
			);
			path = Utility;
			sourceTree = "<group>";
		};
		AAFEA50C2A65689B00080313 /* Error */ = {
			isa = PBXGroup;
			children = (
				AAFEA50D2A6568AC00080313 /* WorkbookError.swift */,
			);
			path = Error;
			sourceTree = "<group>";
		};
/* End PBXGroup section */

/* Begin PBXNativeTarget section */
		AAB38CBC2A64E248004E0A55 /* Workbook */ = {
			isa = PBXNativeTarget;
			buildConfigurationList = AAB38CD12A64E249004E0A55 /* Build configuration list for PBXNativeTarget "Workbook" */;
			buildPhases = (
				AAB38CB92A64E248004E0A55 /* Sources */,
				AAB38CBA2A64E248004E0A55 /* Frameworks */,
				AAB38CBB2A64E248004E0A55 /* Resources */,
			);
			buildRules = (
			);
			dependencies = (
			);
			name = Workbook;
			productName = Workbook;
			productReference = AAB38CBD2A64E248004E0A55 /* Workbook.app */;
			productType = "com.apple.product-type.application";
		};
/* End PBXNativeTarget section */

/* Begin PBXProject section */
		AAB38CB52A64E248004E0A55 /* Project object */ = {
			isa = PBXProject;
			attributes = {
				BuildIndependentTargetsInParallel = 1;
				LastSwiftUpdateCheck = 1430;
				LastUpgradeCheck = 1430;
				TargetAttributes = {
					AAB38CBC2A64E248004E0A55 = {
						CreatedOnToolsVersion = 14.3.1;
					};
				};
			};
			buildConfigurationList = AAB38CB82A64E248004E0A55 /* Build configuration list for PBXProject "Workbook" */;
			compatibilityVersion = "Xcode 14.0";
			developmentRegion = en;
			hasScannedForEncodings = 0;
			knownRegions = (
				en,
				Base,
			);
			mainGroup = AAB38CB42A64E247004E0A55;
			productRefGroup = AAB38CBE2A64E248004E0A55 /* Products */;
			projectDirPath = "";
			projectRoot = "";
			targets = (
				AAB38CBC2A64E248004E0A55 /* Workbook */,
			);
		};
/* End PBXProject section */

/* Begin PBXResourcesBuildPhase section */
		AAB38CBB2A64E248004E0A55 /* Resources */ = {
			isa = PBXResourcesBuildPhase;
			buildActionMask = 2147483647;
			files = (
				AAB38CCD2A64E249004E0A55 /* LaunchScreen.storyboard in Resources */,
				AAB38CCA2A64E249004E0A55 /* Assets.xcassets in Resources */,
			);
			runOnlyForDeploymentPostprocessing = 0;
		};
/* End PBXResourcesBuildPhase section */

/* Begin PBXSourcesBuildPhase section */
		AAB38CB92A64E248004E0A55 /* Sources */ = {
			isa = PBXSourcesBuildPhase;
			buildActionMask = 2147483647;
			files = (
				AAB38CC52A64E248004E0A55 /* WorkbookListViewController.swift in Sources */,
				AAFEA50B2A65683400080313 /* ReuseIdentifying.swift in Sources */,
				AAFEA50E2A6568AC00080313 /* WorkbookError.swift in Sources */,
				AAFEA5082A65679500080313 /* Array+subscript.swift in Sources */,
				AAB38CC12A64E248004E0A55 /* AppDelegate.swift in Sources */,
				AAFEA5052A65675800080313 /* WorkbookViewModel.swift in Sources */,
				AAB38CC32A64E248004E0A55 /* SceneDelegate.swift in Sources */,
				AAFEA5012A6566FE00080313 /* Problem.swift in Sources */,
				AAFEA4FE2A6566B600080313 /* WorkbookListCell.swift in Sources */,
				AAFEA5032A65670F00080313 /* Workbook.swift in Sources */,
			);
			runOnlyForDeploymentPostprocessing = 0;
		};
/* End PBXSourcesBuildPhase section */

/* Begin PBXVariantGroup section */
		AAB38CCB2A64E249004E0A55 /* LaunchScreen.storyboard */ = {
			isa = PBXVariantGroup;
			children = (
				AAB38CCC2A64E249004E0A55 /* Base */,
			);
			name = LaunchScreen.storyboard;
			sourceTree = "<group>";
		};
/* End PBXVariantGroup section */

/* Begin XCBuildConfiguration section */
		AAB38CCF2A64E249004E0A55 /* Debug */ = {
			isa = XCBuildConfiguration;
			buildSettings = {
				ALWAYS_SEARCH_USER_PATHS = NO;
				CLANG_ANALYZER_NONNULL = YES;
				CLANG_ANALYZER_NUMBER_OBJECT_CONVERSION = YES_AGGRESSIVE;
				CLANG_CXX_LANGUAGE_STANDARD = "gnu++20";
				CLANG_ENABLE_MODULES = YES;
				CLANG_ENABLE_OBJC_ARC = YES;
				CLANG_ENABLE_OBJC_WEAK = YES;
				CLANG_WARN_BLOCK_CAPTURE_AUTORELEASING = YES;
				CLANG_WARN_BOOL_CONVERSION = YES;
				CLANG_WARN_COMMA = YES;
				CLANG_WARN_CONSTANT_CONVERSION = YES;
				CLANG_WARN_DEPRECATED_OBJC_IMPLEMENTATIONS = YES;
				CLANG_WARN_DIRECT_OBJC_ISA_USAGE = YES_ERROR;
				CLANG_WARN_DOCUMENTATION_COMMENTS = YES;
				CLANG_WARN_EMPTY_BODY = YES;
				CLANG_WARN_ENUM_CONVERSION = YES;
				CLANG_WARN_INFINITE_RECURSION = YES;
				CLANG_WARN_INT_CONVERSION = YES;
				CLANG_WARN_NON_LITERAL_NULL_CONVERSION = YES;
				CLANG_WARN_OBJC_IMPLICIT_RETAIN_SELF = YES;
				CLANG_WARN_OBJC_LITERAL_CONVERSION = YES;
				CLANG_WARN_OBJC_ROOT_CLASS = YES_ERROR;
				CLANG_WARN_QUOTED_INCLUDE_IN_FRAMEWORK_HEADER = YES;
				CLANG_WARN_RANGE_LOOP_ANALYSIS = YES;
				CLANG_WARN_STRICT_PROTOTYPES = YES;
				CLANG_WARN_SUSPICIOUS_MOVE = YES;
				CLANG_WARN_UNGUARDED_AVAILABILITY = YES_AGGRESSIVE;
				CLANG_WARN_UNREACHABLE_CODE = YES;
				CLANG_WARN__DUPLICATE_METHOD_MATCH = YES;
				COPY_PHASE_STRIP = NO;
				DEBUG_INFORMATION_FORMAT = dwarf;
				ENABLE_STRICT_OBJC_MSGSEND = YES;
				ENABLE_TESTABILITY = YES;
				GCC_C_LANGUAGE_STANDARD = gnu11;
				GCC_DYNAMIC_NO_PIC = NO;
				GCC_NO_COMMON_BLOCKS = YES;
				GCC_OPTIMIZATION_LEVEL = 0;
				GCC_PREPROCESSOR_DEFINITIONS = (
					"DEBUG=1",
					"$(inherited)",
				);
				GCC_WARN_64_TO_32_BIT_CONVERSION = YES;
				GCC_WARN_ABOUT_RETURN_TYPE = YES_ERROR;
				GCC_WARN_UNDECLARED_SELECTOR = YES;
				GCC_WARN_UNINITIALIZED_AUTOS = YES_AGGRESSIVE;
				GCC_WARN_UNUSED_FUNCTION = YES;
				GCC_WARN_UNUSED_VARIABLE = YES;
				IPHONEOS_DEPLOYMENT_TARGET = 14.1;
				MTL_ENABLE_DEBUG_INFO = INCLUDE_SOURCE;
				MTL_FAST_MATH = YES;
				ONLY_ACTIVE_ARCH = YES;
				SDKROOT = iphoneos;
				SWIFT_ACTIVE_COMPILATION_CONDITIONS = DEBUG;
				SWIFT_OPTIMIZATION_LEVEL = "-Onone";
			};
			name = Debug;
		};
		AAB38CD02A64E249004E0A55 /* Release */ = {
			isa = XCBuildConfiguration;
			buildSettings = {
				ALWAYS_SEARCH_USER_PATHS = NO;
				CLANG_ANALYZER_NONNULL = YES;
				CLANG_ANALYZER_NUMBER_OBJECT_CONVERSION = YES_AGGRESSIVE;
				CLANG_CXX_LANGUAGE_STANDARD = "gnu++20";
				CLANG_ENABLE_MODULES = YES;
				CLANG_ENABLE_OBJC_ARC = YES;
				CLANG_ENABLE_OBJC_WEAK = YES;
				CLANG_WARN_BLOCK_CAPTURE_AUTORELEASING = YES;
				CLANG_WARN_BOOL_CONVERSION = YES;
				CLANG_WARN_COMMA = YES;
				CLANG_WARN_CONSTANT_CONVERSION = YES;
				CLANG_WARN_DEPRECATED_OBJC_IMPLEMENTATIONS = YES;
				CLANG_WARN_DIRECT_OBJC_ISA_USAGE = YES_ERROR;
				CLANG_WARN_DOCUMENTATION_COMMENTS = YES;
				CLANG_WARN_EMPTY_BODY = YES;
				CLANG_WARN_ENUM_CONVERSION = YES;
				CLANG_WARN_INFINITE_RECURSION = YES;
				CLANG_WARN_INT_CONVERSION = YES;
				CLANG_WARN_NON_LITERAL_NULL_CONVERSION = YES;
				CLANG_WARN_OBJC_IMPLICIT_RETAIN_SELF = YES;
				CLANG_WARN_OBJC_LITERAL_CONVERSION = YES;
				CLANG_WARN_OBJC_ROOT_CLASS = YES_ERROR;
				CLANG_WARN_QUOTED_INCLUDE_IN_FRAMEWORK_HEADER = YES;
				CLANG_WARN_RANGE_LOOP_ANALYSIS = YES;
				CLANG_WARN_STRICT_PROTOTYPES = YES;
				CLANG_WARN_SUSPICIOUS_MOVE = YES;
				CLANG_WARN_UNGUARDED_AVAILABILITY = YES_AGGRESSIVE;
				CLANG_WARN_UNREACHABLE_CODE = YES;
				CLANG_WARN__DUPLICATE_METHOD_MATCH = YES;
				COPY_PHASE_STRIP = NO;
				DEBUG_INFORMATION_FORMAT = "dwarf-with-dsym";
				ENABLE_NS_ASSERTIONS = NO;
				ENABLE_STRICT_OBJC_MSGSEND = YES;
				GCC_C_LANGUAGE_STANDARD = gnu11;
				GCC_NO_COMMON_BLOCKS = YES;
				GCC_WARN_64_TO_32_BIT_CONVERSION = YES;
				GCC_WARN_ABOUT_RETURN_TYPE = YES_ERROR;
				GCC_WARN_UNDECLARED_SELECTOR = YES;
				GCC_WARN_UNINITIALIZED_AUTOS = YES_AGGRESSIVE;
				GCC_WARN_UNUSED_FUNCTION = YES;
				GCC_WARN_UNUSED_VARIABLE = YES;
				IPHONEOS_DEPLOYMENT_TARGET = 14.1;
				MTL_ENABLE_DEBUG_INFO = NO;
				MTL_FAST_MATH = YES;
				SDKROOT = iphoneos;
				SWIFT_COMPILATION_MODE = wholemodule;
				SWIFT_OPTIMIZATION_LEVEL = "-O";
				VALIDATE_PRODUCT = YES;
			};
			name = Release;
		};
		AAB38CD22A64E249004E0A55 /* Debug */ = {
			isa = XCBuildConfiguration;
			buildSettings = {
				ASSETCATALOG_COMPILER_APPICON_NAME = AppIcon;
				ASSETCATALOG_COMPILER_GLOBAL_ACCENT_COLOR_NAME = AccentColor;
				CODE_SIGN_STYLE = Automatic;
				CURRENT_PROJECT_VERSION = 1;
				DEVELOPMENT_TEAM = T868XQH9V2;
				GENERATE_INFOPLIST_FILE = YES;
				INFOPLIST_FILE = Workbook/Info.plist;
				INFOPLIST_KEY_UIApplicationSupportsIndirectInputEvents = YES;
				INFOPLIST_KEY_UILaunchStoryboardName = LaunchScreen;
				INFOPLIST_KEY_UISupportedInterfaceOrientations_iPad = "UIInterfaceOrientationPortrait UIInterfaceOrientationPortraitUpsideDown UIInterfaceOrientationLandscapeLeft UIInterfaceOrientationLandscapeRight";
				INFOPLIST_KEY_UISupportedInterfaceOrientations_iPhone = "UIInterfaceOrientationPortrait UIInterfaceOrientationLandscapeLeft UIInterfaceOrientationLandscapeRight";
				IPHONEOS_DEPLOYMENT_TARGET = 14.1;
				LD_RUNPATH_SEARCH_PATHS = (
					"$(inherited)",
					"@executable_path/Frameworks",
				);
				MARKETING_VERSION = 1.0;
				PRODUCT_BUNDLE_IDENTIFIER = hrcho.Workbook;
				PRODUCT_NAME = "$(TARGET_NAME)";
				SWIFT_EMIT_LOC_STRINGS = YES;
				SWIFT_VERSION = 5.0;
				TARGETED_DEVICE_FAMILY = "1,2";
			};
			name = Debug;
		};
		AAB38CD32A64E249004E0A55 /* Release */ = {
			isa = XCBuildConfiguration;
			buildSettings = {
				ASSETCATALOG_COMPILER_APPICON_NAME = AppIcon;
				ASSETCATALOG_COMPILER_GLOBAL_ACCENT_COLOR_NAME = AccentColor;
				CODE_SIGN_STYLE = Automatic;
				CURRENT_PROJECT_VERSION = 1;
				DEVELOPMENT_TEAM = T868XQH9V2;
				GENERATE_INFOPLIST_FILE = YES;
				INFOPLIST_FILE = Workbook/Info.plist;
				INFOPLIST_KEY_UIApplicationSupportsIndirectInputEvents = YES;
				INFOPLIST_KEY_UILaunchStoryboardName = LaunchScreen;
				INFOPLIST_KEY_UISupportedInterfaceOrientations_iPad = "UIInterfaceOrientationPortrait UIInterfaceOrientationPortraitUpsideDown UIInterfaceOrientationLandscapeLeft UIInterfaceOrientationLandscapeRight";
				INFOPLIST_KEY_UISupportedInterfaceOrientations_iPhone = "UIInterfaceOrientationPortrait UIInterfaceOrientationLandscapeLeft UIInterfaceOrientationLandscapeRight";
				IPHONEOS_DEPLOYMENT_TARGET = 14.1;
				LD_RUNPATH_SEARCH_PATHS = (
					"$(inherited)",
					"@executable_path/Frameworks",
				);
				MARKETING_VERSION = 1.0;
				PRODUCT_BUNDLE_IDENTIFIER = hrcho.Workbook;
				PRODUCT_NAME = "$(TARGET_NAME)";
				SWIFT_EMIT_LOC_STRINGS = YES;
				SWIFT_VERSION = 5.0;
				TARGETED_DEVICE_FAMILY = "1,2";
			};
			name = Release;
		};
/* End XCBuildConfiguration section */

/* Begin XCConfigurationList section */
		AAB38CB82A64E248004E0A55 /* Build configuration list for PBXProject "Workbook" */ = {
			isa = XCConfigurationList;
			buildConfigurations = (
				AAB38CCF2A64E249004E0A55 /* Debug */,
				AAB38CD02A64E249004E0A55 /* Release */,
			);
			defaultConfigurationIsVisible = 0;
			defaultConfigurationName = Release;
		};
		AAB38CD12A64E249004E0A55 /* Build configuration list for PBXNativeTarget "Workbook" */ = {
			isa = XCConfigurationList;
			buildConfigurations = (
				AAB38CD22A64E249004E0A55 /* Debug */,
				AAB38CD32A64E249004E0A55 /* Release */,
			);
			defaultConfigurationIsVisible = 0;
			defaultConfigurationName = Release;
		};
/* End XCConfigurationList section */
	};
	rootObject = AAB38CB52A64E248004E0A55 /* Project object */;
}
